<?xml version="1.0" encoding="utf-8"?>
<Project ToolsVersion="16.0" xmlns="http://schemas.microsoft.com/developer/msbuild/2003">
  <ItemGroup>
    <ClCompile Include="D:\work\program\winafl-master\custom_net_fuzzer.c">
      <Filter>Source Files</Filter>
    </ClCompile>
  </ItemGroup>
  <ItemGroup>
    <CustomBuild Include="D:\work\program\winafl-master\CMakeLists.txt" />
  </ItemGroup>
  <ItemGroup>
    <None Include="D:\work\program\winafl-master\custom_net_fuzzer.def">
      <Filter>Source Files</Filter>
    </None>
  </ItemGroup>
  <ItemGroup>
    <Filter Include="Source Files">
      <UniqueIdentifier>{FC58BCCC-B419-3CFD-9DCB-6F2BE9CA0323}</UniqueIdentifier>
    </Filter>
  </ItemGroup>
</Project>
