
Microsoft Visual Studio Solution File, Format Version 12.00
# Visual Studio Version 16
VisualStudioVersion = 16.0.32407.337
MinimumVisualStudioVersion = 10.0.40219.1
Project("{8BC9CEB8-8B4A-11D0-8D11-00A0C91BC942}") = "afl-analyze", "afl-analyze.vcxproj", "{405D86E2-332B-3802-9264-588345D7F91B}"
EndProject
Project("{8BC9CEB8-8B4A-11D0-8D11-00A0C91BC942}") = "afl-fuzz", "afl-fuzz.vcxproj", "{21221E00-72EE-3A18-A980-D700B5A8ED2E}"
EndProject
Project("{8BC9CEB8-8B4A-11D0-8D11-00A0C91BC942}") = "afl-showmap", "afl-showmap.vcxproj", "{0F95E462-F224-399F-B526-53690BBF76D8}"
EndProject
Project("{8BC9CEB8-8B4A-11D0-8D11-00A0C91BC942}") = "afl-tmin", "afl-tmin.vcxproj", "{1ECD3246-60A9-327C-8D86-0C80471A6270}"
EndProject
Project("{8BC9CEB8-8B4A-11D0-8D11-00A0C91BC942}") = "custom_net_fuzzer", "custom_net_fuzzer.vcxproj", "{83120453-D376-3D14-8556-324E4CAE09EE}"
EndProject
Project("{8BC9CEB8-8B4A-11D0-8D11-00A0C91BC942}") = "custom_winafl_server", "custom_winafl_server.vcxproj", "{E7ACCC49-A81D-3259-8116-79CF496C8463}"
EndProject
Project("{8BC9CEB8-8B4A-11D0-8D11-00A0C91BC942}") = "test", "test.vcxproj", "{4F79C9EE-CF66-3014-AA19-94950A253B12}"
EndProject
Project("{8BC9CEB8-8B4A-11D0-8D11-00A0C91BC942}") = "test_gdiplus", "test_gdiplus.vcxproj", "{259647BE-C051-3DAD-9236-29D4E152F90F}"
EndProject
Project("{8BC9CEB8-8B4A-11D0-8D11-00A0C91BC942}") = "test_netmode", "test_netmode.vcxproj", "{0CE6ACAD-FC78-3F32-A816-0778B890C528}"
EndProject
Project("{8BC9CEB8-8B4A-11D0-8D11-00A0C91BC942}") = "test_servermode", "test_servermode.vcxproj", "{B76F2DF4-F8BB-3917-A6EC-70D5B2A5E2BF}"
EndProject
Project("{8BC9CEB8-8B4A-11D0-8D11-00A0C91BC942}") = "test_static", "test_static.vcxproj", "{01D654C3-3692-3ECA-8A96-E733D7569440}"
EndProject
Project("{8BC9CEB8-8B4A-11D0-8D11-00A0C91BC942}") = "winafl", "winafl.vcxproj", "{06E2AC5E-2284-32D6-8C03-DF9148D79FD0}"
EndProject
Project("{8BC9CEB8-8B4A-11D0-8D11-00A0C91BC942}") = "MyCustomDll", "MyCustomDll.vcxproj", "{A2B9F84C-8673-4B85-B0CC-4E06096F9D20}"
EndProject
Global
	GlobalSection(SolutionConfigurationPlatforms) = preSolution
		Debug|Win32 = Debug|Win32
		Debug|x64 = Debug|x64
		MinSizeRel|Win32 = MinSizeRel|Win32
		MinSizeRel|x64 = MinSizeRel|x64
		Release|Win32 = Release|Win32
		Release|x64 = Release|x64
		RelWithDebInfo|Win32 = RelWithDebInfo|Win32
		RelWithDebInfo|x64 = RelWithDebInfo|x64
	EndGlobalSection
	GlobalSection(ProjectConfigurationPlatforms) = postSolution
		{405D86E2-332B-3802-9264-588345D7F91B}.Debug|Win32.ActiveCfg = Debug|Win32
		{405D86E2-332B-3802-9264-588345D7F91B}.Debug|Win32.Build.0 = Debug|Win32
		{405D86E2-332B-3802-9264-588345D7F91B}.Debug|x64.ActiveCfg = Debug|Win32
		{405D86E2-332B-3802-9264-588345D7F91B}.MinSizeRel|Win32.ActiveCfg = MinSizeRel|Win32
		{405D86E2-332B-3802-9264-588345D7F91B}.MinSizeRel|Win32.Build.0 = MinSizeRel|Win32
		{405D86E2-332B-3802-9264-588345D7F91B}.MinSizeRel|x64.ActiveCfg = MinSizeRel|Win32
		{405D86E2-332B-3802-9264-588345D7F91B}.Release|Win32.ActiveCfg = Release|Win32
		{405D86E2-332B-3802-9264-588345D7F91B}.Release|Win32.Build.0 = Release|Win32
		{405D86E2-332B-3802-9264-588345D7F91B}.Release|x64.ActiveCfg = Release|Win32
		{405D86E2-332B-3802-9264-588345D7F91B}.RelWithDebInfo|Win32.ActiveCfg = RelWithDebInfo|Win32
		{405D86E2-332B-3802-9264-588345D7F91B}.RelWithDebInfo|Win32.Build.0 = RelWithDebInfo|Win32
		{405D86E2-332B-3802-9264-588345D7F91B}.RelWithDebInfo|x64.ActiveCfg = RelWithDebInfo|Win32
		{21221E00-72EE-3A18-A980-D700B5A8ED2E}.Debug|Win32.ActiveCfg = Debug|Win32
		{21221E00-72EE-3A18-A980-D700B5A8ED2E}.Debug|Win32.Build.0 = Debug|Win32
		{21221E00-72EE-3A18-A980-D700B5A8ED2E}.Debug|x64.ActiveCfg = Debug|Win32
		{21221E00-72EE-3A18-A980-D700B5A8ED2E}.MinSizeRel|Win32.ActiveCfg = MinSizeRel|Win32
		{21221E00-72EE-3A18-A980-D700B5A8ED2E}.MinSizeRel|Win32.Build.0 = MinSizeRel|Win32
		{21221E00-72EE-3A18-A980-D700B5A8ED2E}.MinSizeRel|x64.ActiveCfg = MinSizeRel|Win32
		{21221E00-72EE-3A18-A980-D700B5A8ED2E}.Release|Win32.ActiveCfg = Release|Win32
		{21221E00-72EE-3A18-A980-D700B5A8ED2E}.Release|Win32.Build.0 = Release|Win32
		{21221E00-72EE-3A18-A980-D700B5A8ED2E}.Release|x64.ActiveCfg = Release|Win32
		{21221E00-72EE-3A18-A980-D700B5A8ED2E}.RelWithDebInfo|Win32.ActiveCfg = RelWithDebInfo|Win32
		{21221E00-72EE-3A18-A980-D700B5A8ED2E}.RelWithDebInfo|Win32.Build.0 = RelWithDebInfo|Win32
		{21221E00-72EE-3A18-A980-D700B5A8ED2E}.RelWithDebInfo|x64.ActiveCfg = RelWithDebInfo|Win32
		{0F95E462-F224-399F-B526-53690BBF76D8}.Debug|Win32.ActiveCfg = Debug|Win32
		{0F95E462-F224-399F-B526-53690BBF76D8}.Debug|Win32.Build.0 = Debug|Win32
		{0F95E462-F224-399F-B526-53690BBF76D8}.Debug|x64.ActiveCfg = Debug|Win32
		{0F95E462-F224-399F-B526-53690BBF76D8}.MinSizeRel|Win32.ActiveCfg = MinSizeRel|Win32
		{0F95E462-F224-399F-B526-53690BBF76D8}.MinSizeRel|Win32.Build.0 = MinSizeRel|Win32
		{0F95E462-F224-399F-B526-53690BBF76D8}.MinSizeRel|x64.ActiveCfg = MinSizeRel|Win32
		{0F95E462-F224-399F-B526-53690BBF76D8}.Release|Win32.ActiveCfg = Release|Win32
		{0F95E462-F224-399F-B526-53690BBF76D8}.Release|Win32.Build.0 = Release|Win32
		{0F95E462-F224-399F-B526-53690BBF76D8}.Release|x64.ActiveCfg = Release|Win32
		{0F95E462-F224-399F-B526-53690BBF76D8}.RelWithDebInfo|Win32.ActiveCfg = RelWithDebInfo|Win32
		{0F95E462-F224-399F-B526-53690BBF76D8}.RelWithDebInfo|Win32.Build.0 = RelWithDebInfo|Win32
		{0F95E462-F224-399F-B526-53690BBF76D8}.RelWithDebInfo|x64.ActiveCfg = RelWithDebInfo|Win32
		{1ECD3246-60A9-327C-8D86-0C80471A6270}.Debug|Win32.ActiveCfg = Debug|Win32
		{1ECD3246-60A9-327C-8D86-0C80471A6270}.Debug|Win32.Build.0 = Debug|Win32
		{1ECD3246-60A9-327C-8D86-0C80471A6270}.Debug|x64.ActiveCfg = Debug|Win32
		{1ECD3246-60A9-327C-8D86-0C80471A6270}.MinSizeRel|Win32.ActiveCfg = MinSizeRel|Win32
		{1ECD3246-60A9-327C-8D86-0C80471A6270}.MinSizeRel|Win32.Build.0 = MinSizeRel|Win32
		{1ECD3246-60A9-327C-8D86-0C80471A6270}.MinSizeRel|x64.ActiveCfg = MinSizeRel|Win32
		{1ECD3246-60A9-327C-8D86-0C80471A6270}.Release|Win32.ActiveCfg = Release|Win32
		{1ECD3246-60A9-327C-8D86-0C80471A6270}.Release|Win32.Build.0 = Release|Win32
		{1ECD3246-60A9-327C-8D86-0C80471A6270}.Release|x64.ActiveCfg = Release|Win32
		{1ECD3246-60A9-327C-8D86-0C80471A6270}.RelWithDebInfo|Win32.ActiveCfg = RelWithDebInfo|Win32
		{1ECD3246-60A9-327C-8D86-0C80471A6270}.RelWithDebInfo|Win32.Build.0 = RelWithDebInfo|Win32
		{1ECD3246-60A9-327C-8D86-0C80471A6270}.RelWithDebInfo|x64.ActiveCfg = RelWithDebInfo|Win32
		{83120453-D376-3D14-8556-324E4CAE09EE}.Debug|Win32.ActiveCfg = Debug|Win32
		{83120453-D376-3D14-8556-324E4CAE09EE}.Debug|Win32.Build.0 = Debug|Win32
		{83120453-D376-3D14-8556-324E4CAE09EE}.Debug|x64.ActiveCfg = Debug|Win32
		{83120453-D376-3D14-8556-324E4CAE09EE}.MinSizeRel|Win32.ActiveCfg = MinSizeRel|Win32
		{83120453-D376-3D14-8556-324E4CAE09EE}.MinSizeRel|Win32.Build.0 = MinSizeRel|Win32
		{83120453-D376-3D14-8556-324E4CAE09EE}.MinSizeRel|x64.ActiveCfg = MinSizeRel|Win32
		{83120453-D376-3D14-8556-324E4CAE09EE}.Release|Win32.ActiveCfg = Release|Win32
		{83120453-D376-3D14-8556-324E4CAE09EE}.Release|Win32.Build.0 = Release|Win32
		{83120453-D376-3D14-8556-324E4CAE09EE}.Release|x64.ActiveCfg = Release|Win32
		{83120453-D376-3D14-8556-324E4CAE09EE}.RelWithDebInfo|Win32.ActiveCfg = RelWithDebInfo|Win32
		{83120453-D376-3D14-8556-324E4CAE09EE}.RelWithDebInfo|Win32.Build.0 = RelWithDebInfo|Win32
		{83120453-D376-3D14-8556-324E4CAE09EE}.RelWithDebInfo|x64.ActiveCfg = RelWithDebInfo|Win32
		{E7ACCC49-A81D-3259-8116-79CF496C8463}.Debug|Win32.ActiveCfg = Debug|Win32
		{E7ACCC49-A81D-3259-8116-79CF496C8463}.Debug|Win32.Build.0 = Debug|Win32
		{E7ACCC49-A81D-3259-8116-79CF496C8463}.Debug|x64.ActiveCfg = Debug|Win32
		{E7ACCC49-A81D-3259-8116-79CF496C8463}.MinSizeRel|Win32.ActiveCfg = MinSizeRel|Win32
		{E7ACCC49-A81D-3259-8116-79CF496C8463}.MinSizeRel|Win32.Build.0 = MinSizeRel|Win32
		{E7ACCC49-A81D-3259-8116-79CF496C8463}.MinSizeRel|x64.ActiveCfg = MinSizeRel|Win32
		{E7ACCC49-A81D-3259-8116-79CF496C8463}.Release|Win32.ActiveCfg = Release|Win32
		{E7ACCC49-A81D-3259-8116-79CF496C8463}.Release|Win32.Build.0 = Release|Win32
		{E7ACCC49-A81D-3259-8116-79CF496C8463}.Release|x64.ActiveCfg = Release|Win32
		{E7ACCC49-A81D-3259-8116-79CF496C8463}.RelWithDebInfo|Win32.ActiveCfg = RelWithDebInfo|Win32
		{E7ACCC49-A81D-3259-8116-79CF496C8463}.RelWithDebInfo|Win32.Build.0 = RelWithDebInfo|Win32
		{E7ACCC49-A81D-3259-8116-79CF496C8463}.RelWithDebInfo|x64.ActiveCfg = RelWithDebInfo|Win32
		{4F79C9EE-CF66-3014-AA19-94950A253B12}.Debug|Win32.ActiveCfg = Debug|Win32
		{4F79C9EE-CF66-3014-AA19-94950A253B12}.Debug|Win32.Build.0 = Debug|Win32
		{4F79C9EE-CF66-3014-AA19-94950A253B12}.Debug|x64.ActiveCfg = Debug|Win32
		{4F79C9EE-CF66-3014-AA19-94950A253B12}.MinSizeRel|Win32.ActiveCfg = MinSizeRel|Win32
		{4F79C9EE-CF66-3014-AA19-94950A253B12}.MinSizeRel|Win32.Build.0 = MinSizeRel|Win32
		{4F79C9EE-CF66-3014-AA19-94950A253B12}.MinSizeRel|x64.ActiveCfg = MinSizeRel|Win32
		{4F79C9EE-CF66-3014-AA19-94950A253B12}.Release|Win32.ActiveCfg = Release|Win32
		{4F79C9EE-CF66-3014-AA19-94950A253B12}.Release|Win32.Build.0 = Release|Win32
		{4F79C9EE-CF66-3014-AA19-94950A253B12}.Release|x64.ActiveCfg = Release|Win32
		{4F79C9EE-CF66-3014-AA19-94950A253B12}.RelWithDebInfo|Win32.ActiveCfg = RelWithDebInfo|Win32
		{4F79C9EE-CF66-3014-AA19-94950A253B12}.RelWithDebInfo|Win32.Build.0 = RelWithDebInfo|Win32
		{4F79C9EE-CF66-3014-AA19-94950A253B12}.RelWithDebInfo|x64.ActiveCfg = RelWithDebInfo|Win32
		{259647BE-C051-3DAD-9236-29D4E152F90F}.Debug|Win32.ActiveCfg = Debug|Win32
		{259647BE-C051-3DAD-9236-29D4E152F90F}.Debug|Win32.Build.0 = Debug|Win32
		{259647BE-C051-3DAD-9236-29D4E152F90F}.Debug|x64.ActiveCfg = Debug|Win32
		{259647BE-C051-3DAD-9236-29D4E152F90F}.MinSizeRel|Win32.ActiveCfg = MinSizeRel|Win32
		{259647BE-C051-3DAD-9236-29D4E152F90F}.MinSizeRel|Win32.Build.0 = MinSizeRel|Win32
		{259647BE-C051-3DAD-9236-29D4E152F90F}.MinSizeRel|x64.ActiveCfg = MinSizeRel|Win32
		{259647BE-C051-3DAD-9236-29D4E152F90F}.Release|Win32.ActiveCfg = Release|Win32
		{259647BE-C051-3DAD-9236-29D4E152F90F}.Release|Win32.Build.0 = Release|Win32
		{259647BE-C051-3DAD-9236-29D4E152F90F}.Release|x64.ActiveCfg = Release|Win32
		{259647BE-C051-3DAD-9236-29D4E152F90F}.RelWithDebInfo|Win32.ActiveCfg = RelWithDebInfo|Win32
		{259647BE-C051-3DAD-9236-29D4E152F90F}.RelWithDebInfo|Win32.Build.0 = RelWithDebInfo|Win32
		{259647BE-C051-3DAD-9236-29D4E152F90F}.RelWithDebInfo|x64.ActiveCfg = RelWithDebInfo|Win32
		{0CE6ACAD-FC78-3F32-A816-0778B890C528}.Debug|Win32.ActiveCfg = Debug|Win32
		{0CE6ACAD-FC78-3F32-A816-0778B890C528}.Debug|Win32.Build.0 = Debug|Win32
		{0CE6ACAD-FC78-3F32-A816-0778B890C528}.Debug|x64.ActiveCfg = Debug|Win32
		{0CE6ACAD-FC78-3F32-A816-0778B890C528}.MinSizeRel|Win32.ActiveCfg = MinSizeRel|Win32
		{0CE6ACAD-FC78-3F32-A816-0778B890C528}.MinSizeRel|Win32.Build.0 = MinSizeRel|Win32
		{0CE6ACAD-FC78-3F32-A816-0778B890C528}.MinSizeRel|x64.ActiveCfg = MinSizeRel|Win32
		{0CE6ACAD-FC78-3F32-A816-0778B890C528}.Release|Win32.ActiveCfg = Release|Win32
		{0CE6ACAD-FC78-3F32-A816-0778B890C528}.Release|Win32.Build.0 = Release|Win32
		{0CE6ACAD-FC78-3F32-A816-0778B890C528}.Release|x64.ActiveCfg = Release|Win32
		{0CE6ACAD-FC78-3F32-A816-0778B890C528}.RelWithDebInfo|Win32.ActiveCfg = RelWithDebInfo|Win32
		{0CE6ACAD-FC78-3F32-A816-0778B890C528}.RelWithDebInfo|Win32.Build.0 = RelWithDebInfo|Win32
		{0CE6ACAD-FC78-3F32-A816-0778B890C528}.RelWithDebInfo|x64.ActiveCfg = RelWithDebInfo|Win32
		{B76F2DF4-F8BB-3917-A6EC-70D5B2A5E2BF}.Debug|Win32.ActiveCfg = Debug|Win32
		{B76F2DF4-F8BB-3917-A6EC-70D5B2A5E2BF}.Debug|Win32.Build.0 = Debug|Win32
		{B76F2DF4-F8BB-3917-A6EC-70D5B2A5E2BF}.Debug|x64.ActiveCfg = Debug|Win32
		{B76F2DF4-F8BB-3917-A6EC-70D5B2A5E2BF}.MinSizeRel|Win32.ActiveCfg = MinSizeRel|Win32
		{B76F2DF4-F8BB-3917-A6EC-70D5B2A5E2BF}.MinSizeRel|Win32.Build.0 = MinSizeRel|Win32
		{B76F2DF4-F8BB-3917-A6EC-70D5B2A5E2BF}.MinSizeRel|x64.ActiveCfg = MinSizeRel|Win32
		{B76F2DF4-F8BB-3917-A6EC-70D5B2A5E2BF}.Release|Win32.ActiveCfg = Release|Win32
		{B76F2DF4-F8BB-3917-A6EC-70D5B2A5E2BF}.Release|Win32.Build.0 = Release|Win32
		{B76F2DF4-F8BB-3917-A6EC-70D5B2A5E2BF}.Release|x64.ActiveCfg = Release|Win32
		{B76F2DF4-F8BB-3917-A6EC-70D5B2A5E2BF}.RelWithDebInfo|Win32.ActiveCfg = RelWithDebInfo|Win32
		{B76F2DF4-F8BB-3917-A6EC-70D5B2A5E2BF}.RelWithDebInfo|Win32.Build.0 = RelWithDebInfo|Win32
		{B76F2DF4-F8BB-3917-A6EC-70D5B2A5E2BF}.RelWithDebInfo|x64.ActiveCfg = RelWithDebInfo|Win32
		{01D654C3-3692-3ECA-8A96-E733D7569440}.Debug|Win32.ActiveCfg = Debug|Win32
		{01D654C3-3692-3ECA-8A96-E733D7569440}.Debug|Win32.Build.0 = Debug|Win32
		{01D654C3-3692-3ECA-8A96-E733D7569440}.Debug|x64.ActiveCfg = Debug|Win32
		{01D654C3-3692-3ECA-8A96-E733D7569440}.MinSizeRel|Win32.ActiveCfg = MinSizeRel|Win32
		{01D654C3-3692-3ECA-8A96-E733D7569440}.MinSizeRel|Win32.Build.0 = MinSizeRel|Win32
		{01D654C3-3692-3ECA-8A96-E733D7569440}.MinSizeRel|x64.ActiveCfg = MinSizeRel|Win32
		{01D654C3-3692-3ECA-8A96-E733D7569440}.Release|Win32.ActiveCfg = Release|Win32
		{01D654C3-3692-3ECA-8A96-E733D7569440}.Release|Win32.Build.0 = Release|Win32
		{01D654C3-3692-3ECA-8A96-E733D7569440}.Release|x64.ActiveCfg = Release|Win32
		{01D654C3-3692-3ECA-8A96-E733D7569440}.RelWithDebInfo|Win32.ActiveCfg = RelWithDebInfo|Win32
		{01D654C3-3692-3ECA-8A96-E733D7569440}.RelWithDebInfo|Win32.Build.0 = RelWithDebInfo|Win32
		{01D654C3-3692-3ECA-8A96-E733D7569440}.RelWithDebInfo|x64.ActiveCfg = RelWithDebInfo|Win32
		{06E2AC5E-2284-32D6-8C03-DF9148D79FD0}.Debug|Win32.ActiveCfg = Debug|Win32
		{06E2AC5E-2284-32D6-8C03-DF9148D79FD0}.Debug|Win32.Build.0 = Debug|Win32
		{06E2AC5E-2284-32D6-8C03-DF9148D79FD0}.Debug|x64.ActiveCfg = Debug|Win32
		{06E2AC5E-2284-32D6-8C03-DF9148D79FD0}.MinSizeRel|Win32.ActiveCfg = MinSizeRel|Win32
		{06E2AC5E-2284-32D6-8C03-DF9148D79FD0}.MinSizeRel|Win32.Build.0 = MinSizeRel|Win32
		{06E2AC5E-2284-32D6-8C03-DF9148D79FD0}.MinSizeRel|x64.ActiveCfg = MinSizeRel|Win32
		{06E2AC5E-2284-32D6-8C03-DF9148D79FD0}.Release|Win32.ActiveCfg = Release|Win32
		{06E2AC5E-2284-32D6-8C03-DF9148D79FD0}.Release|Win32.Build.0 = Release|Win32
		{06E2AC5E-2284-32D6-8C03-DF9148D79FD0}.Release|x64.ActiveCfg = Release|Win32
		{06E2AC5E-2284-32D6-8C03-DF9148D79FD0}.RelWithDebInfo|Win32.ActiveCfg = RelWithDebInfo|Win32
		{06E2AC5E-2284-32D6-8C03-DF9148D79FD0}.RelWithDebInfo|Win32.Build.0 = RelWithDebInfo|Win32
		{06E2AC5E-2284-32D6-8C03-DF9148D79FD0}.RelWithDebInfo|x64.ActiveCfg = RelWithDebInfo|Win32
		{A2B9F84C-8673-4B85-B0CC-4E06096F9D20}.Debug|Win32.ActiveCfg = Debug|Win32
		{A2B9F84C-8673-4B85-B0CC-4E06096F9D20}.Debug|Win32.Build.0 = Debug|Win32
		{A2B9F84C-8673-4B85-B0CC-4E06096F9D20}.Debug|x64.ActiveCfg = Debug|x64
		{A2B9F84C-8673-4B85-B0CC-4E06096F9D20}.Debug|x64.Build.0 = Debug|x64
		{A2B9F84C-8673-4B85-B0CC-4E06096F9D20}.MinSizeRel|Win32.ActiveCfg = Debug|Win32
		{A2B9F84C-8673-4B85-B0CC-4E06096F9D20}.MinSizeRel|Win32.Build.0 = Debug|Win32
		{A2B9F84C-8673-4B85-B0CC-4E06096F9D20}.MinSizeRel|x64.ActiveCfg = Debug|x64
		{A2B9F84C-8673-4B85-B0CC-4E06096F9D20}.MinSizeRel|x64.Build.0 = Debug|x64
		{A2B9F84C-8673-4B85-B0CC-4E06096F9D20}.Release|Win32.ActiveCfg = Release|Win32
		{A2B9F84C-8673-4B85-B0CC-4E06096F9D20}.Release|Win32.Build.0 = Release|Win32
		{A2B9F84C-8673-4B85-B0CC-4E06096F9D20}.Release|x64.ActiveCfg = Release|x64
		{A2B9F84C-8673-4B85-B0CC-4E06096F9D20}.Release|x64.Build.0 = Release|x64
		{A2B9F84C-8673-4B85-B0CC-4E06096F9D20}.RelWithDebInfo|Win32.ActiveCfg = Release|Win32
		{A2B9F84C-8673-4B85-B0CC-4E06096F9D20}.RelWithDebInfo|Win32.Build.0 = Release|Win32
		{A2B9F84C-8673-4B85-B0CC-4E06096F9D20}.RelWithDebInfo|x64.ActiveCfg = Release|x64
		{A2B9F84C-8673-4B85-B0CC-4E06096F9D20}.RelWithDebInfo|x64.Build.0 = Release|x64
	EndGlobalSection
	GlobalSection(SolutionProperties) = preSolution
		HideSolutionNode = FALSE
	EndGlobalSection
	GlobalSection(ExtensibilityGlobals) = postSolution
		SolutionGuid = {3F85240D-F2A7-32E4-8525-15793AB16A2F}
	EndGlobalSection
EndGlobal
