
Microsoft Visual Studio Solution File, Format Version 12.00
# Visual Studio Version 16
VisualStudioVersion = 16.0.32407.337
MinimumVisualStudioVersion = 10.0.40219.1
Project("{8BC9CEB8-8B4A-11D0-8D11-00A0C91BC942}") = "afl-analyze", "afl-analyze.vcxproj", "{7FB6E752-7E4B-30AE-8E48-98DC56DF22CF}"
EndProject
Project("{8BC9CEB8-8B4A-11D0-8D11-00A0C91BC942}") = "afl-fuzz", "afl-fuzz.vcxproj", "{95C373FC-64A8-3D0B-AD76-814CC06F2993}"
EndProject
Project("{8BC9CEB8-8B4A-11D0-8D11-00A0C91BC942}") = "afl-showmap", "afl-showmap.vcxproj", "{07D62800-2199-3B54-AEE4-0763A77475C6}"
EndProject
Project("{8BC9CEB8-8B4A-11D0-8D11-00A0C91BC942}") = "afl-tmin", "afl-tmin.vcxproj", "{03884518-A26F-344F-9C00-4E36A3212CEA}"
EndProject
Project("{8BC9CEB8-8B4A-11D0-8D11-00A0C91BC942}") = "custom_net_fuzzer", "custom_net_fuzzer.vcxproj", "{A0FE610B-A070-3CE8-AC5B-CD62C9C8BC9B}"
EndProject
Project("{8BC9CEB8-8B4A-11D0-8D11-00A0C91BC942}") = "custom_winafl_server", "custom_winafl_server.vcxproj", "{F31F7ED5-7B5B-300D-8B68-7DA878243FAC}"
EndProject
Project("{8BC9CEB8-8B4A-11D0-8D11-00A0C91BC942}") = "test", "test.vcxproj", "{27DE6835-5B67-3BF4-A976-9CBEC3A5AD1F}"
EndProject
Project("{8BC9CEB8-8B4A-11D0-8D11-00A0C91BC942}") = "test_gdiplus", "test_gdiplus.vcxproj", "{A77BF863-6C8F-39B0-B74E-63D7A8A604A1}"
EndProject
Project("{8BC9CEB8-8B4A-11D0-8D11-00A0C91BC942}") = "test_netmode", "test_netmode.vcxproj", "{37D61C32-AD5C-327D-B288-3EF3CA400BA0}"
EndProject
Project("{8BC9CEB8-8B4A-11D0-8D11-00A0C91BC942}") = "test_servermode", "test_servermode.vcxproj", "{756044C7-05C1-3BE9-AC86-4E5C6E01338E}"
EndProject
Project("{8BC9CEB8-8B4A-11D0-8D11-00A0C91BC942}") = "winafl", "winafl.vcxproj", "{B9AA6398-E310-3D79-83A8-E17FCD8CD84A}"
EndProject
Project("{8BC9CEB8-8B4A-11D0-8D11-00A0C91BC942}") = "MyCustomDll", "MyCustomDll.vcxproj", "{A2B9F84C-8673-4B85-B0CC-4E06096F9D20}"
EndProject
Global
	GlobalSection(SolutionConfigurationPlatforms) = preSolution
		Debug|x64 = Debug|x64
		Debug|x86 = Debug|x86
		MinSizeRel|x64 = MinSizeRel|x64
		MinSizeRel|x86 = MinSizeRel|x86
		Release|x64 = Release|x64
		Release|x86 = Release|x86
		RelWithDebInfo|x64 = RelWithDebInfo|x64
		RelWithDebInfo|x86 = RelWithDebInfo|x86
	EndGlobalSection
	GlobalSection(ProjectConfigurationPlatforms) = postSolution
		{7FB6E752-7E4B-30AE-8E48-98DC56DF22CF}.Debug|x64.ActiveCfg = Debug|x64
		{7FB6E752-7E4B-30AE-8E48-98DC56DF22CF}.Debug|x64.Build.0 = Debug|x64
		{7FB6E752-7E4B-30AE-8E48-98DC56DF22CF}.Debug|x86.ActiveCfg = Debug|x64
		{7FB6E752-7E4B-30AE-8E48-98DC56DF22CF}.MinSizeRel|x64.ActiveCfg = MinSizeRel|x64
		{7FB6E752-7E4B-30AE-8E48-98DC56DF22CF}.MinSizeRel|x64.Build.0 = MinSizeRel|x64
		{7FB6E752-7E4B-30AE-8E48-98DC56DF22CF}.MinSizeRel|x86.ActiveCfg = MinSizeRel|x64
		{7FB6E752-7E4B-30AE-8E48-98DC56DF22CF}.Release|x64.ActiveCfg = Release|x64
		{7FB6E752-7E4B-30AE-8E48-98DC56DF22CF}.Release|x64.Build.0 = Release|x64
		{7FB6E752-7E4B-30AE-8E48-98DC56DF22CF}.Release|x86.ActiveCfg = Release|x64
		{7FB6E752-7E4B-30AE-8E48-98DC56DF22CF}.RelWithDebInfo|x64.ActiveCfg = RelWithDebInfo|x64
		{7FB6E752-7E4B-30AE-8E48-98DC56DF22CF}.RelWithDebInfo|x64.Build.0 = RelWithDebInfo|x64
		{7FB6E752-7E4B-30AE-8E48-98DC56DF22CF}.RelWithDebInfo|x86.ActiveCfg = RelWithDebInfo|x64
		{95C373FC-64A8-3D0B-AD76-814CC06F2993}.Debug|x64.ActiveCfg = Debug|x64
		{95C373FC-64A8-3D0B-AD76-814CC06F2993}.Debug|x64.Build.0 = Debug|x64
		{95C373FC-64A8-3D0B-AD76-814CC06F2993}.Debug|x86.ActiveCfg = Debug|x64
		{95C373FC-64A8-3D0B-AD76-814CC06F2993}.MinSizeRel|x64.ActiveCfg = MinSizeRel|x64
		{95C373FC-64A8-3D0B-AD76-814CC06F2993}.MinSizeRel|x64.Build.0 = MinSizeRel|x64
		{95C373FC-64A8-3D0B-AD76-814CC06F2993}.MinSizeRel|x86.ActiveCfg = MinSizeRel|x64
		{95C373FC-64A8-3D0B-AD76-814CC06F2993}.Release|x64.ActiveCfg = Release|x64
		{95C373FC-64A8-3D0B-AD76-814CC06F2993}.Release|x64.Build.0 = Release|x64
		{95C373FC-64A8-3D0B-AD76-814CC06F2993}.Release|x86.ActiveCfg = Release|x64
		{95C373FC-64A8-3D0B-AD76-814CC06F2993}.RelWithDebInfo|x64.ActiveCfg = RelWithDebInfo|x64
		{95C373FC-64A8-3D0B-AD76-814CC06F2993}.RelWithDebInfo|x64.Build.0 = RelWithDebInfo|x64
		{95C373FC-64A8-3D0B-AD76-814CC06F2993}.RelWithDebInfo|x86.ActiveCfg = RelWithDebInfo|x64
		{07D62800-2199-3B54-AEE4-0763A77475C6}.Debug|x64.ActiveCfg = Debug|x64
		{07D62800-2199-3B54-AEE4-0763A77475C6}.Debug|x64.Build.0 = Debug|x64
		{07D62800-2199-3B54-AEE4-0763A77475C6}.Debug|x86.ActiveCfg = Debug|x64
		{07D62800-2199-3B54-AEE4-0763A77475C6}.MinSizeRel|x64.ActiveCfg = MinSizeRel|x64
		{07D62800-2199-3B54-AEE4-0763A77475C6}.MinSizeRel|x64.Build.0 = MinSizeRel|x64
		{07D62800-2199-3B54-AEE4-0763A77475C6}.MinSizeRel|x86.ActiveCfg = MinSizeRel|x64
		{07D62800-2199-3B54-AEE4-0763A77475C6}.Release|x64.ActiveCfg = Release|x64
		{07D62800-2199-3B54-AEE4-0763A77475C6}.Release|x64.Build.0 = Release|x64
		{07D62800-2199-3B54-AEE4-0763A77475C6}.Release|x86.ActiveCfg = Release|x64
		{07D62800-2199-3B54-AEE4-0763A77475C6}.RelWithDebInfo|x64.ActiveCfg = RelWithDebInfo|x64
		{07D62800-2199-3B54-AEE4-0763A77475C6}.RelWithDebInfo|x64.Build.0 = RelWithDebInfo|x64
		{07D62800-2199-3B54-AEE4-0763A77475C6}.RelWithDebInfo|x86.ActiveCfg = RelWithDebInfo|x64
		{03884518-A26F-344F-9C00-4E36A3212CEA}.Debug|x64.ActiveCfg = Debug|x64
		{03884518-A26F-344F-9C00-4E36A3212CEA}.Debug|x64.Build.0 = Debug|x64
		{03884518-A26F-344F-9C00-4E36A3212CEA}.Debug|x86.ActiveCfg = Debug|x64
		{03884518-A26F-344F-9C00-4E36A3212CEA}.MinSizeRel|x64.ActiveCfg = MinSizeRel|x64
		{03884518-A26F-344F-9C00-4E36A3212CEA}.MinSizeRel|x64.Build.0 = MinSizeRel|x64
		{03884518-A26F-344F-9C00-4E36A3212CEA}.MinSizeRel|x86.ActiveCfg = MinSizeRel|x64
		{03884518-A26F-344F-9C00-4E36A3212CEA}.Release|x64.ActiveCfg = Release|x64
		{03884518-A26F-344F-9C00-4E36A3212CEA}.Release|x64.Build.0 = Release|x64
		{03884518-A26F-344F-9C00-4E36A3212CEA}.Release|x86.ActiveCfg = Release|x64
		{03884518-A26F-344F-9C00-4E36A3212CEA}.RelWithDebInfo|x64.ActiveCfg = RelWithDebInfo|x64
		{03884518-A26F-344F-9C00-4E36A3212CEA}.RelWithDebInfo|x64.Build.0 = RelWithDebInfo|x64
		{03884518-A26F-344F-9C00-4E36A3212CEA}.RelWithDebInfo|x86.ActiveCfg = RelWithDebInfo|x64
		{A0FE610B-A070-3CE8-AC5B-CD62C9C8BC9B}.Debug|x64.ActiveCfg = Debug|x64
		{A0FE610B-A070-3CE8-AC5B-CD62C9C8BC9B}.Debug|x64.Build.0 = Debug|x64
		{A0FE610B-A070-3CE8-AC5B-CD62C9C8BC9B}.Debug|x86.ActiveCfg = Debug|x64
		{A0FE610B-A070-3CE8-AC5B-CD62C9C8BC9B}.MinSizeRel|x64.ActiveCfg = MinSizeRel|x64
		{A0FE610B-A070-3CE8-AC5B-CD62C9C8BC9B}.MinSizeRel|x64.Build.0 = MinSizeRel|x64
		{A0FE610B-A070-3CE8-AC5B-CD62C9C8BC9B}.MinSizeRel|x86.ActiveCfg = MinSizeRel|x64
		{A0FE610B-A070-3CE8-AC5B-CD62C9C8BC9B}.Release|x64.ActiveCfg = Release|x64
		{A0FE610B-A070-3CE8-AC5B-CD62C9C8BC9B}.Release|x64.Build.0 = Release|x64
		{A0FE610B-A070-3CE8-AC5B-CD62C9C8BC9B}.Release|x86.ActiveCfg = Release|x64
		{A0FE610B-A070-3CE8-AC5B-CD62C9C8BC9B}.RelWithDebInfo|x64.ActiveCfg = RelWithDebInfo|x64
		{A0FE610B-A070-3CE8-AC5B-CD62C9C8BC9B}.RelWithDebInfo|x64.Build.0 = RelWithDebInfo|x64
		{A0FE610B-A070-3CE8-AC5B-CD62C9C8BC9B}.RelWithDebInfo|x86.ActiveCfg = RelWithDebInfo|x64
		{F31F7ED5-7B5B-300D-8B68-7DA878243FAC}.Debug|x64.ActiveCfg = Debug|x64
		{F31F7ED5-7B5B-300D-8B68-7DA878243FAC}.Debug|x64.Build.0 = Debug|x64
		{F31F7ED5-7B5B-300D-8B68-7DA878243FAC}.Debug|x86.ActiveCfg = Debug|x64
		{F31F7ED5-7B5B-300D-8B68-7DA878243FAC}.MinSizeRel|x64.ActiveCfg = MinSizeRel|x64
		{F31F7ED5-7B5B-300D-8B68-7DA878243FAC}.MinSizeRel|x64.Build.0 = MinSizeRel|x64
		{F31F7ED5-7B5B-300D-8B68-7DA878243FAC}.MinSizeRel|x86.ActiveCfg = MinSizeRel|x64
		{F31F7ED5-7B5B-300D-8B68-7DA878243FAC}.Release|x64.ActiveCfg = Release|x64
		{F31F7ED5-7B5B-300D-8B68-7DA878243FAC}.Release|x64.Build.0 = Release|x64
		{F31F7ED5-7B5B-300D-8B68-7DA878243FAC}.Release|x86.ActiveCfg = Release|x64
		{F31F7ED5-7B5B-300D-8B68-7DA878243FAC}.RelWithDebInfo|x64.ActiveCfg = RelWithDebInfo|x64
		{F31F7ED5-7B5B-300D-8B68-7DA878243FAC}.RelWithDebInfo|x64.Build.0 = RelWithDebInfo|x64
		{F31F7ED5-7B5B-300D-8B68-7DA878243FAC}.RelWithDebInfo|x86.ActiveCfg = RelWithDebInfo|x64
		{27DE6835-5B67-3BF4-A976-9CBEC3A5AD1F}.Debug|x64.ActiveCfg = Debug|x64
		{27DE6835-5B67-3BF4-A976-9CBEC3A5AD1F}.Debug|x64.Build.0 = Debug|x64
		{27DE6835-5B67-3BF4-A976-9CBEC3A5AD1F}.Debug|x86.ActiveCfg = Debug|x64
		{27DE6835-5B67-3BF4-A976-9CBEC3A5AD1F}.MinSizeRel|x64.ActiveCfg = MinSizeRel|x64
		{27DE6835-5B67-3BF4-A976-9CBEC3A5AD1F}.MinSizeRel|x64.Build.0 = MinSizeRel|x64
		{27DE6835-5B67-3BF4-A976-9CBEC3A5AD1F}.MinSizeRel|x86.ActiveCfg = MinSizeRel|x64
		{27DE6835-5B67-3BF4-A976-9CBEC3A5AD1F}.Release|x64.ActiveCfg = Release|x64
		{27DE6835-5B67-3BF4-A976-9CBEC3A5AD1F}.Release|x64.Build.0 = Release|x64
		{27DE6835-5B67-3BF4-A976-9CBEC3A5AD1F}.Release|x86.ActiveCfg = Release|x64
		{27DE6835-5B67-3BF4-A976-9CBEC3A5AD1F}.RelWithDebInfo|x64.ActiveCfg = RelWithDebInfo|x64
		{27DE6835-5B67-3BF4-A976-9CBEC3A5AD1F}.RelWithDebInfo|x64.Build.0 = RelWithDebInfo|x64
		{27DE6835-5B67-3BF4-A976-9CBEC3A5AD1F}.RelWithDebInfo|x86.ActiveCfg = RelWithDebInfo|x64
		{A77BF863-6C8F-39B0-B74E-63D7A8A604A1}.Debug|x64.ActiveCfg = Debug|x64
		{A77BF863-6C8F-39B0-B74E-63D7A8A604A1}.Debug|x64.Build.0 = Debug|x64
		{A77BF863-6C8F-39B0-B74E-63D7A8A604A1}.Debug|x86.ActiveCfg = Debug|x64
		{A77BF863-6C8F-39B0-B74E-63D7A8A604A1}.MinSizeRel|x64.ActiveCfg = MinSizeRel|x64
		{A77BF863-6C8F-39B0-B74E-63D7A8A604A1}.MinSizeRel|x64.Build.0 = MinSizeRel|x64
		{A77BF863-6C8F-39B0-B74E-63D7A8A604A1}.MinSizeRel|x86.ActiveCfg = MinSizeRel|x64
		{A77BF863-6C8F-39B0-B74E-63D7A8A604A1}.Release|x64.ActiveCfg = Release|x64
		{A77BF863-6C8F-39B0-B74E-63D7A8A604A1}.Release|x64.Build.0 = Release|x64
		{A77BF863-6C8F-39B0-B74E-63D7A8A604A1}.Release|x86.ActiveCfg = Release|x64
		{A77BF863-6C8F-39B0-B74E-63D7A8A604A1}.RelWithDebInfo|x64.ActiveCfg = RelWithDebInfo|x64
		{A77BF863-6C8F-39B0-B74E-63D7A8A604A1}.RelWithDebInfo|x64.Build.0 = RelWithDebInfo|x64
		{A77BF863-6C8F-39B0-B74E-63D7A8A604A1}.RelWithDebInfo|x86.ActiveCfg = RelWithDebInfo|x64
		{37D61C32-AD5C-327D-B288-3EF3CA400BA0}.Debug|x64.ActiveCfg = Debug|x64
		{37D61C32-AD5C-327D-B288-3EF3CA400BA0}.Debug|x64.Build.0 = Debug|x64
		{37D61C32-AD5C-327D-B288-3EF3CA400BA0}.Debug|x86.ActiveCfg = Debug|x64
		{37D61C32-AD5C-327D-B288-3EF3CA400BA0}.MinSizeRel|x64.ActiveCfg = MinSizeRel|x64
		{37D61C32-AD5C-327D-B288-3EF3CA400BA0}.MinSizeRel|x64.Build.0 = MinSizeRel|x64
		{37D61C32-AD5C-327D-B288-3EF3CA400BA0}.MinSizeRel|x86.ActiveCfg = MinSizeRel|x64
		{37D61C32-AD5C-327D-B288-3EF3CA400BA0}.Release|x64.ActiveCfg = Release|x64
		{37D61C32-AD5C-327D-B288-3EF3CA400BA0}.Release|x64.Build.0 = Release|x64
		{37D61C32-AD5C-327D-B288-3EF3CA400BA0}.Release|x86.ActiveCfg = Release|x64
		{37D61C32-AD5C-327D-B288-3EF3CA400BA0}.RelWithDebInfo|x64.ActiveCfg = RelWithDebInfo|x64
		{37D61C32-AD5C-327D-B288-3EF3CA400BA0}.RelWithDebInfo|x64.Build.0 = RelWithDebInfo|x64
		{37D61C32-AD5C-327D-B288-3EF3CA400BA0}.RelWithDebInfo|x86.ActiveCfg = RelWithDebInfo|x64
		{756044C7-05C1-3BE9-AC86-4E5C6E01338E}.Debug|x64.ActiveCfg = Debug|x64
		{756044C7-05C1-3BE9-AC86-4E5C6E01338E}.Debug|x64.Build.0 = Debug|x64
		{756044C7-05C1-3BE9-AC86-4E5C6E01338E}.Debug|x86.ActiveCfg = Debug|x64
		{756044C7-05C1-3BE9-AC86-4E5C6E01338E}.MinSizeRel|x64.ActiveCfg = MinSizeRel|x64
		{756044C7-05C1-3BE9-AC86-4E5C6E01338E}.MinSizeRel|x64.Build.0 = MinSizeRel|x64
		{756044C7-05C1-3BE9-AC86-4E5C6E01338E}.MinSizeRel|x86.ActiveCfg = MinSizeRel|x64
		{756044C7-05C1-3BE9-AC86-4E5C6E01338E}.Release|x64.ActiveCfg = Release|x64
		{756044C7-05C1-3BE9-AC86-4E5C6E01338E}.Release|x64.Build.0 = Release|x64
		{756044C7-05C1-3BE9-AC86-4E5C6E01338E}.Release|x86.ActiveCfg = Release|x64
		{756044C7-05C1-3BE9-AC86-4E5C6E01338E}.RelWithDebInfo|x64.ActiveCfg = RelWithDebInfo|x64
		{756044C7-05C1-3BE9-AC86-4E5C6E01338E}.RelWithDebInfo|x64.Build.0 = RelWithDebInfo|x64
		{756044C7-05C1-3BE9-AC86-4E5C6E01338E}.RelWithDebInfo|x86.ActiveCfg = RelWithDebInfo|x64
		{B9AA6398-E310-3D79-83A8-E17FCD8CD84A}.Debug|x64.ActiveCfg = Debug|x64
		{B9AA6398-E310-3D79-83A8-E17FCD8CD84A}.Debug|x64.Build.0 = Debug|x64
		{B9AA6398-E310-3D79-83A8-E17FCD8CD84A}.Debug|x86.ActiveCfg = Debug|x64
		{B9AA6398-E310-3D79-83A8-E17FCD8CD84A}.MinSizeRel|x64.ActiveCfg = MinSizeRel|x64
		{B9AA6398-E310-3D79-83A8-E17FCD8CD84A}.MinSizeRel|x64.Build.0 = MinSizeRel|x64
		{B9AA6398-E310-3D79-83A8-E17FCD8CD84A}.MinSizeRel|x86.ActiveCfg = MinSizeRel|x64
		{B9AA6398-E310-3D79-83A8-E17FCD8CD84A}.Release|x64.ActiveCfg = Release|x64
		{B9AA6398-E310-3D79-83A8-E17FCD8CD84A}.Release|x64.Build.0 = Release|x64
		{B9AA6398-E310-3D79-83A8-E17FCD8CD84A}.Release|x86.ActiveCfg = Release|x64
		{B9AA6398-E310-3D79-83A8-E17FCD8CD84A}.RelWithDebInfo|x64.ActiveCfg = RelWithDebInfo|x64
		{B9AA6398-E310-3D79-83A8-E17FCD8CD84A}.RelWithDebInfo|x64.Build.0 = RelWithDebInfo|x64
		{B9AA6398-E310-3D79-83A8-E17FCD8CD84A}.RelWithDebInfo|x86.ActiveCfg = RelWithDebInfo|x64
		{A2B9F84C-8673-4B85-B0CC-4E06096F9D20}.Debug|x64.ActiveCfg = Debug|x64
		{A2B9F84C-8673-4B85-B0CC-4E06096F9D20}.Debug|x64.Build.0 = Debug|x64
		{A2B9F84C-8673-4B85-B0CC-4E06096F9D20}.Debug|x86.ActiveCfg = Debug|Win32
		{A2B9F84C-8673-4B85-B0CC-4E06096F9D20}.Debug|x86.Build.0 = Debug|Win32
		{A2B9F84C-8673-4B85-B0CC-4E06096F9D20}.MinSizeRel|x64.ActiveCfg = Debug|x64
		{A2B9F84C-8673-4B85-B0CC-4E06096F9D20}.MinSizeRel|x64.Build.0 = Debug|x64
		{A2B9F84C-8673-4B85-B0CC-4E06096F9D20}.MinSizeRel|x86.ActiveCfg = Debug|Win32
		{A2B9F84C-8673-4B85-B0CC-4E06096F9D20}.MinSizeRel|x86.Build.0 = Debug|Win32
		{A2B9F84C-8673-4B85-B0CC-4E06096F9D20}.Release|x64.ActiveCfg = Release|x64
		{A2B9F84C-8673-4B85-B0CC-4E06096F9D20}.Release|x64.Build.0 = Release|x64
		{A2B9F84C-8673-4B85-B0CC-4E06096F9D20}.Release|x86.ActiveCfg = Release|Win32
		{A2B9F84C-8673-4B85-B0CC-4E06096F9D20}.Release|x86.Build.0 = Release|Win32
		{A2B9F84C-8673-4B85-B0CC-4E06096F9D20}.RelWithDebInfo|x64.ActiveCfg = Release|x64
		{A2B9F84C-8673-4B85-B0CC-4E06096F9D20}.RelWithDebInfo|x64.Build.0 = Release|x64
		{A2B9F84C-8673-4B85-B0CC-4E06096F9D20}.RelWithDebInfo|x86.ActiveCfg = Release|Win32
		{A2B9F84C-8673-4B85-B0CC-4E06096F9D20}.RelWithDebInfo|x86.Build.0 = Release|Win32
	EndGlobalSection
	GlobalSection(SolutionProperties) = preSolution
		HideSolutionNode = FALSE
	EndGlobalSection
	GlobalSection(ExtensibilityGlobals) = postSolution
		SolutionGuid = {C646E5B8-E55B-3CC2-944F-F51DD528F10C}
	EndGlobalSection
EndGlobal
